
Microsoft Visual Studio Solution File, Format Version 12.00
# Visual Studio 15
VisualStudioVersion = 15.0.27703.2042
MinimumVisualStudioVersion = 10.0.40219.1
Project("{FAE04EC0-301F-11D3-BF4B-00C04F79EFBC}") = "SoftEdge.Tracker.ServerSocket", "SoftEdge.Tracker.ServerSocket\SoftEdge.Tracker.ServerSocket.csproj", "{43CC0F85-AB1E-4236-BD66-D08C99DEE368}"
EndProject
Project("{FAE04EC0-301F-11D3-BF4B-00C04F79EFBC}") = "SoftEdge.Tracker.SocketAsyn", "SoftEdge.Tracker.Socket\SoftEdge.Tracker.SocketAsyn.csproj", "{D2ADBA01-689E-4DD5-9C1B-E92FB76EA226}"
EndProject
Global
	GlobalSection(SolutionConfigurationPlatforms) = preSolution
		Debug|Any CPU = Debug|Any CPU
		Release|Any CPU = Release|Any CPU
	EndGlobalSection
	GlobalSection(ProjectConfigurationPlatforms) = postSolution
		{43CC0F85-AB1E-4236-BD66-D08C99DEE368}.Debug|Any CPU.ActiveCfg = Debug|Any CPU
		{43CC0F85-AB1E-4236-BD66-D08C99DEE368}.Debug|Any CPU.Build.0 = Debug|Any CPU
		{43CC0F85-AB1E-4236-BD66-D08C99DEE368}.Release|Any CPU.ActiveCfg = Release|Any CPU
		{43CC0F85-AB1E-4236-BD66-D08C99DEE368}.Release|Any CPU.Build.0 = Release|Any CPU
		{D2ADBA01-689E-4DD5-9C1B-E92FB76EA226}.Debug|Any CPU.ActiveCfg = Debug|Any CPU
		{D2ADBA01-689E-4DD5-9C1B-E92FB76EA226}.Debug|Any CPU.Build.0 = Debug|Any CPU
		{D2ADBA01-689E-4DD5-9C1B-E92FB76EA226}.Release|Any CPU.ActiveCfg = Release|Any CPU
		{D2ADBA01-689E-4DD5-9C1B-E92FB76EA226}.Release|Any CPU.Build.0 = Release|Any CPU
	EndGlobalSection
	GlobalSection(SolutionProperties) = preSolution
		HideSolutionNode = FALSE
	EndGlobalSection
	GlobalSection(ExtensibilityGlobals) = postSolution
		SolutionGuid = {F7B6E0F3-5A85-4CEB-B1FB-4ECA34DE19EB}
	EndGlobalSection
EndGlobal
